
Microsoft Visual Studio Solution File, Format Version 12.00
# Visual Studio Version 17
VisualStudioVersion = 17.2.32516.85
MinimumVisualStudioVersion = 10.0.40219.1
Project("{9A19103F-16F7-4668-BE54-9A1E7A4F7556}") = "ApoloAtm.API", "ApoloAtm.API\ApoloAtm.API.csproj", "{FDDDF732-D643-455B-9433-5D61C3F5B0E0}"
EndProject
Project("{2150E333-8FDC-42A3-9474-1A3956D46DE8}") = "01-Distributed Services", "01-Distributed Services", "{60681FF3-1616-413F-B7E4-1AEA9A842429}"
EndProject
Project("{2150E333-8FDC-42A3-9474-1A3956D46DE8}") = "04-DataAccess", "04-DataAccess", "{453B73DE-40A0-451C-8978-2B7DDA0E4CFE}"
EndProject
Project("{9A19103F-16F7-4668-BE54-9A1E7A4F7556}") = "ApoloApi.DataAccess", "ApoloApi.DataAccess\ApoloApi.DataAccess.csproj", "{1A093933-D064-4EFA-B9DE-3C236FDFBA0F}"
EndProject
Project("{2150E333-8FDC-42A3-9474-1A3956D46DE8}") = "03-Business", "03-Business", "{56D3DEAE-2861-4A66-99A5-AFB3022D5557}"
EndProject
Project("{2150E333-8FDC-42A3-9474-1A3956D46DE8}") = "02-Application", "02-Application", "{0697C61F-5DBC-4A88-97CD-722910C637C6}"
EndProject
Project("{9A19103F-16F7-4668-BE54-9A1E7A4F7556}") = "ApoloApi.Aplication", "ApoloApi.Aplication\ApoloApi.Aplication.csproj", "{0DC477EA-1343-4BC1-8FC6-B5B833C0F455}"
EndProject
Project("{9A19103F-16F7-4668-BE54-9A1E7A4F7556}") = "ApoloApi.Application.contracts", "ApoloApi.Application.contracts\ApoloApi.Application.contracts.csproj", "{E583C4DD-A4E8-44D5-BD59-418CC62FF3FA}"
EndProject
Project("{9A19103F-16F7-4668-BE54-9A1E7A4F7556}") = "ApoloApi.BusinessModels", "ApoloApi.BusinessModels\ApoloApi.BusinessModels.csproj", "{DE0893D3-2BC4-426C-A80B-756337F491A2}"
EndProject
Project("{9A19103F-16F7-4668-BE54-9A1E7A4F7556}") = "ApoloApiDataAccess.contracts", "ApoloApiDataAccess.contracts\ApoloApiDataAccess.contracts.csproj", "{027EF950-F4EA-40F6-A056-1CA57CB94B88}"
EndProject
Project("{2150E333-8FDC-42A3-9474-1A3956D46DE8}") = "05-Cross Cutting", "05-Cross Cutting", "{EF770B34-6990-42EF-BB38-99266F320F9C}"
EndProject
Project("{FAE04EC0-301F-11D3-BF4B-00C04F79EFBC}") = "ApoloApi.CrossCutting", "ApoloApi.CrossCutting\ApoloApi.CrossCutting.csproj", "{C2E108CD-3B5A-4D07-9BB9-3EFC107F525C}"
EndProject
Global
	GlobalSection(SolutionConfigurationPlatforms) = preSolution
		Debug|Any CPU = Debug|Any CPU
		Release|Any CPU = Release|Any CPU
	EndGlobalSection
	GlobalSection(ProjectConfigurationPlatforms) = postSolution
		{FDDDF732-D643-455B-9433-5D61C3F5B0E0}.Debug|Any CPU.ActiveCfg = Debug|Any CPU
		{FDDDF732-D643-455B-9433-5D61C3F5B0E0}.Debug|Any CPU.Build.0 = Debug|Any CPU
		{FDDDF732-D643-455B-9433-5D61C3F5B0E0}.Release|Any CPU.ActiveCfg = Release|Any CPU
		{FDDDF732-D643-455B-9433-5D61C3F5B0E0}.Release|Any CPU.Build.0 = Release|Any CPU
		{1A093933-D064-4EFA-B9DE-3C236FDFBA0F}.Debug|Any CPU.ActiveCfg = Debug|Any CPU
		{1A093933-D064-4EFA-B9DE-3C236FDFBA0F}.Debug|Any CPU.Build.0 = Debug|Any CPU
		{1A093933-D064-4EFA-B9DE-3C236FDFBA0F}.Release|Any CPU.ActiveCfg = Release|Any CPU
		{1A093933-D064-4EFA-B9DE-3C236FDFBA0F}.Release|Any CPU.Build.0 = Release|Any CPU
		{0DC477EA-1343-4BC1-8FC6-B5B833C0F455}.Debug|Any CPU.ActiveCfg = Debug|Any CPU
		{0DC477EA-1343-4BC1-8FC6-B5B833C0F455}.Debug|Any CPU.Build.0 = Debug|Any CPU
		{0DC477EA-1343-4BC1-8FC6-B5B833C0F455}.Release|Any CPU.ActiveCfg = Release|Any CPU
		{0DC477EA-1343-4BC1-8FC6-B5B833C0F455}.Release|Any CPU.Build.0 = Release|Any CPU
		{E583C4DD-A4E8-44D5-BD59-418CC62FF3FA}.Debug|Any CPU.ActiveCfg = Debug|Any CPU
		{E583C4DD-A4E8-44D5-BD59-418CC62FF3FA}.Debug|Any CPU.Build.0 = Debug|Any CPU
		{E583C4DD-A4E8-44D5-BD59-418CC62FF3FA}.Release|Any CPU.ActiveCfg = Release|Any CPU
		{E583C4DD-A4E8-44D5-BD59-418CC62FF3FA}.Release|Any CPU.Build.0 = Release|Any CPU
		{DE0893D3-2BC4-426C-A80B-756337F491A2}.Debug|Any CPU.ActiveCfg = Debug|Any CPU
		{DE0893D3-2BC4-426C-A80B-756337F491A2}.Debug|Any CPU.Build.0 = Debug|Any CPU
		{DE0893D3-2BC4-426C-A80B-756337F491A2}.Release|Any CPU.ActiveCfg = Release|Any CPU
		{DE0893D3-2BC4-426C-A80B-756337F491A2}.Release|Any CPU.Build.0 = Release|Any CPU
		{027EF950-F4EA-40F6-A056-1CA57CB94B88}.Debug|Any CPU.ActiveCfg = Debug|Any CPU
		{027EF950-F4EA-40F6-A056-1CA57CB94B88}.Debug|Any CPU.Build.0 = Debug|Any CPU
		{027EF950-F4EA-40F6-A056-1CA57CB94B88}.Release|Any CPU.ActiveCfg = Release|Any CPU
		{027EF950-F4EA-40F6-A056-1CA57CB94B88}.Release|Any CPU.Build.0 = Release|Any CPU
		{C2E108CD-3B5A-4D07-9BB9-3EFC107F525C}.Debug|Any CPU.ActiveCfg = Debug|Any CPU
		{C2E108CD-3B5A-4D07-9BB9-3EFC107F525C}.Debug|Any CPU.Build.0 = Debug|Any CPU
		{C2E108CD-3B5A-4D07-9BB9-3EFC107F525C}.Release|Any CPU.ActiveCfg = Release|Any CPU
		{C2E108CD-3B5A-4D07-9BB9-3EFC107F525C}.Release|Any CPU.Build.0 = Release|Any CPU
	EndGlobalSection
	GlobalSection(SolutionProperties) = preSolution
		HideSolutionNode = FALSE
	EndGlobalSection
	GlobalSection(NestedProjects) = preSolution
		{FDDDF732-D643-455B-9433-5D61C3F5B0E0} = {60681FF3-1616-413F-B7E4-1AEA9A842429}
		{1A093933-D064-4EFA-B9DE-3C236FDFBA0F} = {453B73DE-40A0-451C-8978-2B7DDA0E4CFE}
		{0DC477EA-1343-4BC1-8FC6-B5B833C0F455} = {0697C61F-5DBC-4A88-97CD-722910C637C6}
		{E583C4DD-A4E8-44D5-BD59-418CC62FF3FA} = {0697C61F-5DBC-4A88-97CD-722910C637C6}
		{DE0893D3-2BC4-426C-A80B-756337F491A2} = {56D3DEAE-2861-4A66-99A5-AFB3022D5557}
		{027EF950-F4EA-40F6-A056-1CA57CB94B88} = {453B73DE-40A0-451C-8978-2B7DDA0E4CFE}
		{C2E108CD-3B5A-4D07-9BB9-3EFC107F525C} = {EF770B34-6990-42EF-BB38-99266F320F9C}
	EndGlobalSection
	GlobalSection(ExtensibilityGlobals) = postSolution
		SolutionGuid = {FABE1BFE-55BF-41CF-8A74-239D6BA89688}
	EndGlobalSection
EndGlobal
